
Microsoft Visual Studio Solution File, Format Version 12.00
# Visual Studio 15
VisualStudioVersion = 15.0.26430.16
MinimumVisualStudioVersion = 10.0.40219.1
Project("{FAE04EC0-301F-11D3-BF4B-00C04F79EFBC}") = "WpfBasicTreeView1", "WpfBasicTreeView1\WpfBasicTreeView1.csproj", "{265EED41-2B9E-4F99-B3C7-A1DDAC91335F}"
EndProject
Project("{2150E333-8FDC-42A3-9474-1A3956D46DE8}") = "Solution Items", "Solution Items", "{87DE475E-A412-49F2-AE9D-78CC6EA89E9F}"
	ProjectSection(SolutionItems) = preProject
		FodyWeavers.xml = FodyWeavers.xml
	EndProjectSection
EndProject
Global
	GlobalSection(SolutionConfigurationPlatforms) = preSolution
		Debug|Any CPU = Debug|Any CPU
		Release|Any CPU = Release|Any CPU
	EndGlobalSection
	GlobalSection(ProjectConfigurationPlatforms) = postSolution
		{265EED41-2B9E-4F99-B3C7-A1DDAC91335F}.Debug|Any CPU.ActiveCfg = Debug|Any CPU
		{265EED41-2B9E-4F99-B3C7-A1DDAC91335F}.Debug|Any CPU.Build.0 = Debug|Any CPU
		{265EED41-2B9E-4F99-B3C7-A1DDAC91335F}.Release|Any CPU.ActiveCfg = Release|Any CPU
		{265EED41-2B9E-4F99-B3C7-A1DDAC91335F}.Release|Any CPU.Build.0 = Release|Any CPU
	EndGlobalSection
	GlobalSection(SolutionProperties) = preSolution
		HideSolutionNode = FALSE
	EndGlobalSection
EndGlobal
